
Microsoft Visual Studio Solution File, Format Version 12.00
# Visual Studio 14
VisualStudioVersion = 14.0.23107.0
MinimumVisualStudioVersion = 10.0.40219.1
Project("{FAE04EC0-301F-11D3-BF4B-00C04F79EFBC}") = "ParserLibrary", "ParserLibrary\ParserLibrary.csproj", "{528D2C8D-2FCB-4D68-B7D8-8A88ECB2A998}"
EndProject
Project("{FAE04EC0-301F-11D3-BF4B-00C04F79EFBC}") = "ParserRun", "ParserRun\ParserRun.csproj", "{7545EAD0-604F-4D99-8C83-51C6ED9B650E}"
EndProject
Project("{FAE04EC0-301F-11D3-BF4B-00C04F79EFBC}") = "ParserTest", "ParserTest\ParserTest.csproj", "{1DCEC384-D683-4C46-B4E8-50D1A592098A}"
EndProject
Project("{FAE04EC0-301F-11D3-BF4B-00C04F79EFBC}") = "WebCrawlerLibrary", "WebCrawlerLibrary\WebCrawlerLibrary.csproj", "{B3ACAB4F-7F45-43C6-8283-A73504460978}"
EndProject
Project("{FAE04EC0-301F-11D3-BF4B-00C04F79EFBC}") = "WebCrawlerRun", "WebCrawlerRun\WebCrawlerRun.csproj", "{A8B34D80-0AFF-4FCD-9FCF-FA6A8D983FAD}"
EndProject
Project("{FAE04EC0-301F-11D3-BF4B-00C04F79EFBC}") = "WebCrawlerTest", "WebCrawlerTest\WebCrawlerTest.csproj", "{F55F054D-CCA7-47FF-B349-747B5B87CD2C}"
EndProject
Project("{FAE04EC0-301F-11D3-BF4B-00C04F79EFBC}") = "IndexLibrary", "LuceneLibrary\IndexLibrary.csproj", "{0771E781-7D51-454D-BB1C-7D256E8688FF}"
EndProject
Project("{FAE04EC0-301F-11D3-BF4B-00C04F79EFBC}") = "LuceneRun", "LuceneRun\LuceneRun.csproj", "{583FD432-F713-45F7-ABBF-FD4F88742959}"
EndProject
Project("{FAE04EC0-301F-11D3-BF4B-00C04F79EFBC}") = "WindowsFormsApplication1", "WindowsFormsApplication1\WindowsFormsApplication1.csproj", "{58CB2F35-2F74-4BDB-B728-FB34BD7F99BA}"
EndProject
Global
	GlobalSection(SolutionConfigurationPlatforms) = preSolution
		Debug|Any CPU = Debug|Any CPU
		Release|Any CPU = Release|Any CPU
	EndGlobalSection
	GlobalSection(ProjectConfigurationPlatforms) = postSolution
		{528D2C8D-2FCB-4D68-B7D8-8A88ECB2A998}.Debug|Any CPU.ActiveCfg = Debug|Any CPU
		{528D2C8D-2FCB-4D68-B7D8-8A88ECB2A998}.Debug|Any CPU.Build.0 = Debug|Any CPU
		{528D2C8D-2FCB-4D68-B7D8-8A88ECB2A998}.Release|Any CPU.ActiveCfg = Release|Any CPU
		{528D2C8D-2FCB-4D68-B7D8-8A88ECB2A998}.Release|Any CPU.Build.0 = Release|Any CPU
		{7545EAD0-604F-4D99-8C83-51C6ED9B650E}.Debug|Any CPU.ActiveCfg = Debug|Any CPU
		{7545EAD0-604F-4D99-8C83-51C6ED9B650E}.Debug|Any CPU.Build.0 = Debug|Any CPU
		{7545EAD0-604F-4D99-8C83-51C6ED9B650E}.Release|Any CPU.ActiveCfg = Release|Any CPU
		{7545EAD0-604F-4D99-8C83-51C6ED9B650E}.Release|Any CPU.Build.0 = Release|Any CPU
		{1DCEC384-D683-4C46-B4E8-50D1A592098A}.Debug|Any CPU.ActiveCfg = Debug|Any CPU
		{1DCEC384-D683-4C46-B4E8-50D1A592098A}.Debug|Any CPU.Build.0 = Debug|Any CPU
		{1DCEC384-D683-4C46-B4E8-50D1A592098A}.Release|Any CPU.ActiveCfg = Release|Any CPU
		{1DCEC384-D683-4C46-B4E8-50D1A592098A}.Release|Any CPU.Build.0 = Release|Any CPU
		{B3ACAB4F-7F45-43C6-8283-A73504460978}.Debug|Any CPU.ActiveCfg = Debug|Any CPU
		{B3ACAB4F-7F45-43C6-8283-A73504460978}.Debug|Any CPU.Build.0 = Debug|Any CPU
		{B3ACAB4F-7F45-43C6-8283-A73504460978}.Release|Any CPU.ActiveCfg = Release|Any CPU
		{B3ACAB4F-7F45-43C6-8283-A73504460978}.Release|Any CPU.Build.0 = Release|Any CPU
		{A8B34D80-0AFF-4FCD-9FCF-FA6A8D983FAD}.Debug|Any CPU.ActiveCfg = Debug|Any CPU
		{A8B34D80-0AFF-4FCD-9FCF-FA6A8D983FAD}.Debug|Any CPU.Build.0 = Debug|Any CPU
		{A8B34D80-0AFF-4FCD-9FCF-FA6A8D983FAD}.Release|Any CPU.ActiveCfg = Release|Any CPU
		{A8B34D80-0AFF-4FCD-9FCF-FA6A8D983FAD}.Release|Any CPU.Build.0 = Release|Any CPU
		{F55F054D-CCA7-47FF-B349-747B5B87CD2C}.Debug|Any CPU.ActiveCfg = Debug|Any CPU
		{F55F054D-CCA7-47FF-B349-747B5B87CD2C}.Debug|Any CPU.Build.0 = Debug|Any CPU
		{F55F054D-CCA7-47FF-B349-747B5B87CD2C}.Release|Any CPU.ActiveCfg = Release|Any CPU
		{F55F054D-CCA7-47FF-B349-747B5B87CD2C}.Release|Any CPU.Build.0 = Release|Any CPU
		{0771E781-7D51-454D-BB1C-7D256E8688FF}.Debug|Any CPU.ActiveCfg = Debug|Any CPU
		{0771E781-7D51-454D-BB1C-7D256E8688FF}.Debug|Any CPU.Build.0 = Debug|Any CPU
		{0771E781-7D51-454D-BB1C-7D256E8688FF}.Release|Any CPU.ActiveCfg = Release|Any CPU
		{0771E781-7D51-454D-BB1C-7D256E8688FF}.Release|Any CPU.Build.0 = Release|Any CPU
		{583FD432-F713-45F7-ABBF-FD4F88742959}.Debug|Any CPU.ActiveCfg = Debug|Any CPU
		{583FD432-F713-45F7-ABBF-FD4F88742959}.Debug|Any CPU.Build.0 = Debug|Any CPU
		{583FD432-F713-45F7-ABBF-FD4F88742959}.Release|Any CPU.ActiveCfg = Release|Any CPU
		{583FD432-F713-45F7-ABBF-FD4F88742959}.Release|Any CPU.Build.0 = Release|Any CPU
		{58CB2F35-2F74-4BDB-B728-FB34BD7F99BA}.Debug|Any CPU.ActiveCfg = Debug|Any CPU
		{58CB2F35-2F74-4BDB-B728-FB34BD7F99BA}.Debug|Any CPU.Build.0 = Debug|Any CPU
		{58CB2F35-2F74-4BDB-B728-FB34BD7F99BA}.Release|Any CPU.ActiveCfg = Release|Any CPU
		{58CB2F35-2F74-4BDB-B728-FB34BD7F99BA}.Release|Any CPU.Build.0 = Release|Any CPU
	EndGlobalSection
	GlobalSection(SolutionProperties) = preSolution
		HideSolutionNode = FALSE
	EndGlobalSection
EndGlobal
