
Microsoft Visual Studio Solution File, Format Version 12.00
# Visual Studio 14
VisualStudioVersion = 14.0.23107.0
MinimumVisualStudioVersion = 10.0.40219.1
Project("{FAE04EC0-301F-11D3-BF4B-00C04F79EFBC}") = "ParserLibrary", "ParserLibrary\ParserLibrary.csproj", "{528D2C8D-2FCB-4D68-B7D8-8A88ECB2A998}"
EndProject
Project("{FAE04EC0-301F-11D3-BF4B-00C04F79EFBC}") = "ParserRun", "ParserRun\ParserRun.csproj", "{7545EAD0-604F-4D99-8C83-51C6ED9B650E}"
EndProject
Project("{FAE04EC0-301F-11D3-BF4B-00C04F79EFBC}") = "ParserTest", "ParserTest\ParserTest.csproj", "{1DCEC384-D683-4C46-B4E8-50D1A592098A}"
EndProject
Project("{FAE04EC0-301F-11D3-BF4B-00C04F79EFBC}") = "WebCrawlerLibrary", "WebCrawlerLibrary\WebCrawlerLibrary.csproj", "{B3ACAB4F-7F45-43C6-8283-A73504460978}"
EndProject
Project("{FAE04EC0-301F-11D3-BF4B-00C04F79EFBC}") = "WebCrawlerRun", "WebCrawlerRun\WebCrawlerRun.csproj", "{A8B34D80-0AFF-4FCD-9FCF-FA6A8D983FAD}"
EndProject
Global
	GlobalSection(SolutionConfigurationPlatforms) = preSolution
		Debug|Any CPU = Debug|Any CPU
		Release|Any CPU = Release|Any CPU
	EndGlobalSection
	GlobalSection(ProjectConfigurationPlatforms) = postSolution
		{528D2C8D-2FCB-4D68-B7D8-8A88ECB2A998}.Debug|Any CPU.ActiveCfg = Debug|Any CPU
		{528D2C8D-2FCB-4D68-B7D8-8A88ECB2A998}.Debug|Any CPU.Build.0 = Debug|Any CPU
		{528D2C8D-2FCB-4D68-B7D8-8A88ECB2A998}.Release|Any CPU.ActiveCfg = Release|Any CPU
		{528D2C8D-2FCB-4D68-B7D8-8A88ECB2A998}.Release|Any CPU.Build.0 = Release|Any CPU
		{7545EAD0-604F-4D99-8C83-51C6ED9B650E}.Debug|Any CPU.ActiveCfg = Debug|Any CPU
		{7545EAD0-604F-4D99-8C83-51C6ED9B650E}.Debug|Any CPU.Build.0 = Debug|Any CPU
		{7545EAD0-604F-4D99-8C83-51C6ED9B650E}.Release|Any CPU.ActiveCfg = Release|Any CPU
		{7545EAD0-604F-4D99-8C83-51C6ED9B650E}.Release|Any CPU.Build.0 = Release|Any CPU
		{1DCEC384-D683-4C46-B4E8-50D1A592098A}.Debug|Any CPU.ActiveCfg = Debug|Any CPU
		{1DCEC384-D683-4C46-B4E8-50D1A592098A}.Debug|Any CPU.Build.0 = Debug|Any CPU
		{1DCEC384-D683-4C46-B4E8-50D1A592098A}.Release|Any CPU.ActiveCfg = Release|Any CPU
		{1DCEC384-D683-4C46-B4E8-50D1A592098A}.Release|Any CPU.Build.0 = Release|Any CPU
		{B3ACAB4F-7F45-43C6-8283-A73504460978}.Debug|Any CPU.ActiveCfg = Debug|Any CPU
		{B3ACAB4F-7F45-43C6-8283-A73504460978}.Debug|Any CPU.Build.0 = Debug|Any CPU
		{B3ACAB4F-7F45-43C6-8283-A73504460978}.Release|Any CPU.ActiveCfg = Release|Any CPU
		{B3ACAB4F-7F45-43C6-8283-A73504460978}.Release|Any CPU.Build.0 = Release|Any CPU
		{A8B34D80-0AFF-4FCD-9FCF-FA6A8D983FAD}.Debug|Any CPU.ActiveCfg = Debug|Any CPU
		{A8B34D80-0AFF-4FCD-9FCF-FA6A8D983FAD}.Debug|Any CPU.Build.0 = Debug|Any CPU
		{A8B34D80-0AFF-4FCD-9FCF-FA6A8D983FAD}.Release|Any CPU.ActiveCfg = Release|Any CPU
		{A8B34D80-0AFF-4FCD-9FCF-FA6A8D983FAD}.Release|Any CPU.Build.0 = Release|Any CPU
	EndGlobalSection
	GlobalSection(SolutionProperties) = preSolution
		HideSolutionNode = FALSE
	EndGlobalSection
EndGlobal
